<?xml version="1.0" encoding="utf-8"?>
<Project ToolsVersion="4.0" xmlns="http://schemas.microsoft.com/developer/msbuild/2003">
  <ItemGroup>
    <Filter Include="Source Files">
      <UniqueIdentifier>{4FC737F1-C7A5-4376-A066-2A32D752A2FF}</UniqueIdentifier>
      <Extensions>cpp;c;cc;cxx;c++;cppm;ixx;def;odl;idl;hpj;bat;asm;asmx</Extensions>
    </Filter>
    <Filter Include="Header Files">
      <UniqueIdentifier>{93995380-89BD-4b04-88EB-625FBE52EBFB}</UniqueIdentifier>
      <Extensions>h;hh;hpp;hxx;h++;hm;inl;inc;ipp;xsd</Extensions>
    </Filter>
    <Filter Include="Resource Files">
      <UniqueIdentifier>{67DA6AB6-F800-4c08-8B7A-83BB121AAD01}</UniqueIdentifier>
      <Extensions>rc;ico;cur;bmp;dlg;rc2;rct;bin;rgs;gif;jpg;jpeg;jpe;resx;tiff;tif;png;wav;mfcribbon-ms</Extensions>
    </Filter>
  </ItemGroup>
  <ItemGroup>
    <ClCompile Include="Main.cpp">
      <Filter>Source Files</Filter>
    </ClCompile>
    <ClCompile Include="CvuiObject.cpp">
      <Filter>Source Files</Filter>
    </ClCompile>
    <ClCompile Include="CvuiImage.cpp">
      <Filter>Source Files</Filter>
    </ClCompile>
    <ClCompile Include="CvuiButton.cpp">
      <Filter>Source Files</Filter>
    </ClCompile>
    <ClCompile Include="CvuiControl.cpp">
      <Filter>Source Files</Filter>
    </ClCompile>
    <ClCompile Include="CvuiCheckbox.cpp">
      <Filter>Source Files</Filter>
    </ClCompile>
    <ClCompile Include="CvuiText.cpp">
      <Filter>Source Files</Filter>
    </ClCompile>
    <ClCompile Include="CvuiCounter.cpp">
      <Filter>Source Files</Filter>
    </ClCompile>
    <ClCompile Include="CvuiTrackbar.cpp">
      <Filter>Source Files</Filter>
    </ClCompile>
    <ClCompile Include="CvuiRect.cpp">
      <Filter>Source Files</Filter>
    </ClCompile>
    <ClCompile Include="StaticUiInitializer.cpp">
      <Filter>Source Files</Filter>
    </ClCompile>
    <ClCompile Include="CvuiVertWindow.cpp">
      <Filter>Source Files</Filter>
    </ClCompile>
    <ClCompile Include="CvuiColorSelection.cpp">
      <Filter>Source Files</Filter>
    </ClCompile>
  </ItemGroup>
  <ItemGroup>
    <ClInclude Include="cvui.h">
      <Filter>Header Files</Filter>
    </ClInclude>
    <ClInclude Include="CvuiObject.h">
      <Filter>Header Files</Filter>
    </ClInclude>
    <ClInclude Include="CvuiImage.h">
      <Filter>Header Files</Filter>
    </ClInclude>
    <ClInclude Include="resource.h">
      <Filter>Header Files</Filter>
    </ClInclude>
    <ClInclude Include="CvuiButton.h">
      <Filter>Header Files</Filter>
    </ClInclude>
    <ClInclude Include="CvuiControl.h">
      <Filter>Header Files</Filter>
    </ClInclude>
    <ClInclude Include="CvuiCheckbox.h">
      <Filter>Header Files</Filter>
    </ClInclude>
    <ClInclude Include="CvuiText.h">
      <Filter>Header Files</Filter>
    </ClInclude>
    <ClInclude Include="CvuiCounter.h">
      <Filter>Header Files</Filter>
    </ClInclude>
    <ClInclude Include="CvuiTrackbar.h">
      <Filter>Header Files</Filter>
    </ClInclude>
    <ClInclude Include="CvuiRect.h">
      <Filter>Header Files</Filter>
    </ClInclude>
    <ClInclude Include="StaticUiInitializer.h">
      <Filter>Header Files</Filter>
    </ClInclude>
    <ClInclude Include="CvuiVertWindow.h">
      <Filter>Header Files</Filter>
    </ClInclude>
    <ClInclude Include="CvuiColorSelection.h">
      <Filter>Header Files</Filter>
    </ClInclude>
  </ItemGroup>
  <ItemGroup>
    <Image Include="images\2019_Lac Flocon_757700_5285500.tif">
      <Filter>Resource Files</Filter>
    </Image>
    <Image Include="images\Lac Flocon.png">
      <Filter>Resource Files</Filter>
    </Image>
    <Image Include="images\Lac Flocon2000.png">
      <Filter>Resource Files</Filter>
    </Image>
    <Image Include="images\mask_overlay.png">
      <Filter>Resource Files</Filter>
    </Image>
    <Image Include="images\test.jpg">
      <Filter>Resource Files</Filter>
    </Image>
    <Image Include="images\tree1.png">
      <Filter>Resource Files</Filter>
    </Image>
    <Image Include="images\tree2.png">
      <Filter>Resource Files</Filter>
    </Image>
    <Image Include="images\treefall.png">
      <Filter>Resource Files</Filter>
    </Image>
    <Image Include="images\treeLines.png">
      <Filter>Resource Files</Filter>
    </Image>
    <Image Include="images\treeLines1.PNG">
      <Filter>Resource Files</Filter>
    </Image>
    <Image Include="images\treeNTP.png">
      <Filter>Resource Files</Filter>
    </Image>
    <Image Include="images\icon.ico">
      <Filter>Resource Files</Filter>
    </Image>
  </ItemGroup>
  <ItemGroup>
    <ResourceCompile Include="TreeTagger.rc">
      <Filter>Resource Files</Filter>
    </ResourceCompile>
  </ItemGroup>
  <ItemGroup>
    <None Include="images\aero_arrow_l.cur">
      <Filter>Resource Files</Filter>
    </None>
  </ItemGroup>
</Project>